
Microsoft Visual Studio Solution File, Format Version 12.00
# Visual Studio Version 16
VisualStudioVersion = 16.0.31911.196
MinimumVisualStudioVersion = 10.0.40219.1
Project("{FAE04EC0-301F-11D3-BF4B-00C04F79EFBC}") = "DatingApp.API", "DatingApp.API\DatingApp.API.csproj", "{9398EEA7-148D-4D88-95B2-628B897A11F9}"
EndProject
Project("{9A19103F-16F7-4668-BE54-9A1E7A4F7556}") = "DatingApp.UnitTests", "DatingApp.UnitTests\DatingApp.UnitTests.csproj", "{D0AD72BE-672C-4935-9438-8185468FA2A3}"
EndProject
Global
	GlobalSection(SolutionConfigurationPlatforms) = preSolution
		Debug|Any CPU = Debug|Any CPU
		Release|Any CPU = Release|Any CPU
	EndGlobalSection
	GlobalSection(ProjectConfigurationPlatforms) = postSolution
		{9398EEA7-148D-4D88-95B2-628B897A11F9}.Debug|Any CPU.ActiveCfg = Debug|Any CPU
		{9398EEA7-148D-4D88-95B2-628B897A11F9}.Debug|Any CPU.Build.0 = Debug|Any CPU
		{9398EEA7-148D-4D88-95B2-628B897A11F9}.Release|Any CPU.ActiveCfg = Release|Any CPU
		{9398EEA7-148D-4D88-95B2-628B897A11F9}.Release|Any CPU.Build.0 = Release|Any CPU
		{D0AD72BE-672C-4935-9438-8185468FA2A3}.Debug|Any CPU.ActiveCfg = Debug|Any CPU
		{D0AD72BE-672C-4935-9438-8185468FA2A3}.Debug|Any CPU.Build.0 = Debug|Any CPU
		{D0AD72BE-672C-4935-9438-8185468FA2A3}.Release|Any CPU.ActiveCfg = Release|Any CPU
		{D0AD72BE-672C-4935-9438-8185468FA2A3}.Release|Any CPU.Build.0 = Release|Any CPU
	EndGlobalSection
	GlobalSection(SolutionProperties) = preSolution
		HideSolutionNode = FALSE
	EndGlobalSection
	GlobalSection(ExtensibilityGlobals) = postSolution
		SolutionGuid = {F72FC13A-2B00-47C6-A5E6-CFC7C8E38AD5}
	EndGlobalSection
EndGlobal
